
Microsoft Visual Studio Solution File, Format Version 12.00
# Visual Studio Version 16
VisualStudioVersion = 16.0.33214.272
MinimumVisualStudioVersion = 10.0.40219.1
Project("{8BC9CEB8-8B4A-11D0-8D11-00A0C91BC942}") = "C++ 1", "C++ 1\C++ 1.vcxproj", "{3FACF5C9-33AE-4D54-9B1A-1EDA43C24165}"
EndProject
Global
	GlobalSection(SolutionConfigurationPlatforms) = preSolution
		Debug|x64 = Debug|x64
		Debug|x86 = Debug|x86
		Release|x64 = Release|x64
		Release|x86 = Release|x86
	EndGlobalSection
	GlobalSection(ProjectConfigurationPlatforms) = postSolution
		{3FACF5C9-33AE-4D54-9B1A-1EDA43C24165}.Debug|x64.ActiveCfg = Debug|x64
		{3FACF5C9-33AE-4D54-9B1A-1EDA43C24165}.Debug|x64.Build.0 = Debug|x64
		{3FACF5C9-33AE-4D54-9B1A-1EDA43C24165}.Debug|x86.ActiveCfg = Debug|Win32
		{3FACF5C9-33AE-4D54-9B1A-1EDA43C24165}.Debug|x86.Build.0 = Debug|Win32
		{3FACF5C9-33AE-4D54-9B1A-1EDA43C24165}.Release|x64.ActiveCfg = Release|x64
		{3FACF5C9-33AE-4D54-9B1A-1EDA43C24165}.Release|x64.Build.0 = Release|x64
		{3FACF5C9-33AE-4D54-9B1A-1EDA43C24165}.Release|x86.ActiveCfg = Release|Win32
		{3FACF5C9-33AE-4D54-9B1A-1EDA43C24165}.Release|x86.Build.0 = Release|Win32
	EndGlobalSection
	GlobalSection(SolutionProperties) = preSolution
		HideSolutionNode = FALSE
	EndGlobalSection
	GlobalSection(ExtensibilityGlobals) = postSolution
		SolutionGuid = {50E027A0-EF32-4AE6-BBEC-BCE1FB07C781}
	EndGlobalSection
EndGlobal
